
Microsoft Visual Studio Solution File, Format Version 12.00
# Visual Studio 2013
VisualStudioVersion = 12.0.21005.1
MinimumVisualStudioVersion = 10.0.40219.1
Project("{8BC9CEB8-8B4A-11D0-8D11-00A0C91BC942}") = "MFCApplication1", "MFCApplication1\MFCApplication1.vcxproj", "{777CFE1B-A2E0-4E80-8777-1DCF33CA5A1E}"
EndProject
Project("{8BC9CEB8-8B4A-11D0-8D11-00A0C91BC942}") = "MFCApplication2", "MFCApplication2\MFCApplication2.vcxproj", "{8517ACB7-AF52-4C9A-8FDC-9F1E2795AF1E}"
EndProject
Global
	GlobalSection(SolutionConfigurationPlatforms) = preSolution
		Debug|Win32 = Debug|Win32
		Release|Win32 = Release|Win32
	EndGlobalSection
	GlobalSection(ProjectConfigurationPlatforms) = postSolution
		{777CFE1B-A2E0-4E80-8777-1DCF33CA5A1E}.Debug|Win32.ActiveCfg = Debug|Win32
		{777CFE1B-A2E0-4E80-8777-1DCF33CA5A1E}.Debug|Win32.Build.0 = Debug|Win32
		{777CFE1B-A2E0-4E80-8777-1DCF33CA5A1E}.Release|Win32.ActiveCfg = Release|Win32
		{777CFE1B-A2E0-4E80-8777-1DCF33CA5A1E}.Release|Win32.Build.0 = Release|Win32
		{8517ACB7-AF52-4C9A-8FDC-9F1E2795AF1E}.Debug|Win32.ActiveCfg = Debug|Win32
		{8517ACB7-AF52-4C9A-8FDC-9F1E2795AF1E}.Debug|Win32.Build.0 = Debug|Win32
		{8517ACB7-AF52-4C9A-8FDC-9F1E2795AF1E}.Release|Win32.ActiveCfg = Release|Win32
		{8517ACB7-AF52-4C9A-8FDC-9F1E2795AF1E}.Release|Win32.Build.0 = Release|Win32
	EndGlobalSection
	GlobalSection(SolutionProperties) = preSolution
		HideSolutionNode = FALSE
	EndGlobalSection
EndGlobal
